# This file is autogenerated, do not edit; changes may be undone by the next 'dep ensure'.


[[projects]]
  branch = "master"
  name = "github.com/ChinmayR/PackageD"
  packages = ["."]
  revision = "56c6404693aa958609b791b21ee67a6e65b1d04d"

[solve-meta]
  analyzer-name = "dep"
  analyzer-version = 1
  inputs-digest = "ef208f0889925a77ab88af06e901023b002ad3d88928a5aa086a99c4f015dc6d"
  solver-name = "gps-cdcl"
  solver-version = 1
