# This file is autogenerated, do not edit; changes may be undone by the next 'dep ensure'.


[[projects]]
  name = "github.com/ChinmayR/PackageD"
  packages = ["."]
  revision = "7bf1798068ccb80bf7e8ddb53db8f69288fe45de"

[solve-meta]
  analyzer-name = "dep"
  analyzer-version = 1
  inputs-digest = "389b8b5328608987de08e34eb8fc85a07c1240bb52772a12d563ad55f870631e"
  solver-name = "gps-cdcl"
  solver-version = 1
